
Microsoft Visual Studio Solution File, Format Version 12.00
# Visual Studio 14
VisualStudioVersion = 14.0.25420.1
MinimumVisualStudioVersion = 10.0.40219.1
Project("{FAE04EC0-301F-11D3-BF4B-00C04F79EFBC}") = "MTASDF.Lesson01.HelloWorld", "MTASDF.Lesson01.HelloWorld\MTASDF.Lesson01.HelloWorld.csproj", "{F1C4B8EE-62FA-4DC3-B21B-0ABAFE928B6D}"
EndProject
Project("{FAE04EC0-301F-11D3-BF4B-00C04F79EFBC}") = "MTASDF.Lesson03.Selection", "MTASDF.Lesson03.Selection\MTASDF.Lesson03.Selection.csproj", "{61F42D06-8DA4-4F3D-8723-6DA97A576EB3}"
EndProject
Project("{FAE04EC0-301F-11D3-BF4B-00C04F79EFBC}") = "MTASDF.Lesson04.Iteration", "MTASDF.Lesson04.Iteration\MTASDF.Lesson04.Iteration.csproj", "{63A88B2A-67CC-4BDE-8E80-D3A834513BCA}"
EndProject
Project("{FAE04EC0-301F-11D3-BF4B-00C04F79EFBC}") = "MTASDF.Lesson05.RecusionAndExceptions", "MTASDF.Lesson05.RecusionAndExceptions\MTASDF.Lesson05.RecusionAndExceptions.csproj", "{8FC3437B-9F52-418E-A3D6-13827F84C2D5}"
EndProject
Project("{FAE04EC0-301F-11D3-BF4B-00C04F79EFBC}") = "MTASDF.Lesson07.IntroductionToOOP", "MTASDF.Lesson07.IntroductionToOOP\MTASDF.Lesson07.IntroductionToOOP.csproj", "{A5347B00-7067-49BA-862B-FDA09137FEF3}"
EndProject
Project("{FAE04EC0-301F-11D3-BF4B-00C04F79EFBC}") = "MTASDF.Lesson08.DelegatesAndEvents", "MTASDF.Lesson08.DelegatesAndEvents\MTASDF.Lesson08.DelegatesAndEvents.csproj", "{88A5E0D0-9859-4A2D-BE52-E0070732BA60}"
EndProject
Project("{FAE04EC0-301F-11D3-BF4B-00C04F79EFBC}") = "MTASDF.Lesson09.BitsAndBobs", "MTASDF.Lesson09.BitsAndBobs\MTASDF.Lesson09.BitsAndBobs.csproj", "{F334C1BB-1894-4F33-9775-C6F4853BA82B}"
EndProject
Global
	GlobalSection(SolutionConfigurationPlatforms) = preSolution
		Debug|Any CPU = Debug|Any CPU
		Release|Any CPU = Release|Any CPU
	EndGlobalSection
	GlobalSection(ProjectConfigurationPlatforms) = postSolution
		{F1C4B8EE-62FA-4DC3-B21B-0ABAFE928B6D}.Debug|Any CPU.ActiveCfg = Debug|Any CPU
		{F1C4B8EE-62FA-4DC3-B21B-0ABAFE928B6D}.Debug|Any CPU.Build.0 = Debug|Any CPU
		{F1C4B8EE-62FA-4DC3-B21B-0ABAFE928B6D}.Release|Any CPU.ActiveCfg = Release|Any CPU
		{F1C4B8EE-62FA-4DC3-B21B-0ABAFE928B6D}.Release|Any CPU.Build.0 = Release|Any CPU
		{61F42D06-8DA4-4F3D-8723-6DA97A576EB3}.Debug|Any CPU.ActiveCfg = Debug|Any CPU
		{61F42D06-8DA4-4F3D-8723-6DA97A576EB3}.Debug|Any CPU.Build.0 = Debug|Any CPU
		{61F42D06-8DA4-4F3D-8723-6DA97A576EB3}.Release|Any CPU.ActiveCfg = Release|Any CPU
		{61F42D06-8DA4-4F3D-8723-6DA97A576EB3}.Release|Any CPU.Build.0 = Release|Any CPU
		{63A88B2A-67CC-4BDE-8E80-D3A834513BCA}.Debug|Any CPU.ActiveCfg = Debug|Any CPU
		{63A88B2A-67CC-4BDE-8E80-D3A834513BCA}.Debug|Any CPU.Build.0 = Debug|Any CPU
		{63A88B2A-67CC-4BDE-8E80-D3A834513BCA}.Release|Any CPU.ActiveCfg = Release|Any CPU
		{63A88B2A-67CC-4BDE-8E80-D3A834513BCA}.Release|Any CPU.Build.0 = Release|Any CPU
		{8FC3437B-9F52-418E-A3D6-13827F84C2D5}.Debug|Any CPU.ActiveCfg = Debug|Any CPU
		{8FC3437B-9F52-418E-A3D6-13827F84C2D5}.Debug|Any CPU.Build.0 = Debug|Any CPU
		{8FC3437B-9F52-418E-A3D6-13827F84C2D5}.Release|Any CPU.ActiveCfg = Release|Any CPU
		{8FC3437B-9F52-418E-A3D6-13827F84C2D5}.Release|Any CPU.Build.0 = Release|Any CPU
		{A5347B00-7067-49BA-862B-FDA09137FEF3}.Debug|Any CPU.ActiveCfg = Debug|Any CPU
		{A5347B00-7067-49BA-862B-FDA09137FEF3}.Debug|Any CPU.Build.0 = Debug|Any CPU
		{A5347B00-7067-49BA-862B-FDA09137FEF3}.Release|Any CPU.ActiveCfg = Release|Any CPU
		{A5347B00-7067-49BA-862B-FDA09137FEF3}.Release|Any CPU.Build.0 = Release|Any CPU
		{88A5E0D0-9859-4A2D-BE52-E0070732BA60}.Debug|Any CPU.ActiveCfg = Debug|Any CPU
		{88A5E0D0-9859-4A2D-BE52-E0070732BA60}.Debug|Any CPU.Build.0 = Debug|Any CPU
		{88A5E0D0-9859-4A2D-BE52-E0070732BA60}.Release|Any CPU.ActiveCfg = Release|Any CPU
		{88A5E0D0-9859-4A2D-BE52-E0070732BA60}.Release|Any CPU.Build.0 = Release|Any CPU
		{F334C1BB-1894-4F33-9775-C6F4853BA82B}.Debug|Any CPU.ActiveCfg = Debug|Any CPU
		{F334C1BB-1894-4F33-9775-C6F4853BA82B}.Debug|Any CPU.Build.0 = Debug|Any CPU
		{F334C1BB-1894-4F33-9775-C6F4853BA82B}.Release|Any CPU.ActiveCfg = Release|Any CPU
		{F334C1BB-1894-4F33-9775-C6F4853BA82B}.Release|Any CPU.Build.0 = Release|Any CPU
	EndGlobalSection
	GlobalSection(SolutionProperties) = preSolution
		HideSolutionNode = FALSE
	EndGlobalSection
EndGlobal
